PODS:
  - Flutter (1.0.0)
  - OpenTok (2.19.0)
  - vonage_video (0.0.1):
    - Flutter
    - OpenTok

DEPENDENCIES:
  - Flutter (from `Flutter`)
  - vonage_video (from `.symlinks/plugins/vonage_video/ios`)

SPEC REPOS:
  trunk:
    - OpenTok

EXTERNAL SOURCES:
  Flutter:
    :path: Flutter
  vonage_video:
    :path: ".symlinks/plugins/vonage_video/ios"

SPEC CHECKSUMS:
  Flutter: 0e3d915762c693b495b44d77113d4970485de6ec
  OpenTok: 3ac356cce06545a573234582702abaf671d44909
  vonage_video: b5293ae0d53e5a65219f911e10a45eb28806ee2b

PODFILE CHECKSUM: aafe91acc616949ddb318b77800a7f51bffa2a4c

COCOAPODS: 1.10.1
